// !$*UTF8*$!
{
	archiveVersion = 1;
	classes = {
	};
	objectVersion = 50;
	objects = {

/* Begin PBXBuildFile section */
		D0D44AA4B43484F881DB8DFA /* Pods_MyGiphy.framework in Frameworks */ = {isa = PBXBuildFile; fileRef = 223F699D04858B6934E04E6B /* Pods_MyGiphy.framework */; };
		D67896ED23074E860059BA75 /* AppDelegate.swift in Sources */ = {isa = PBXBuildFile; fileRef = D67896EC23074E860059BA75 /* AppDelegate.swift */; };
		D67896EF23074E860059BA75 /* ViewController.swift in Sources */ = {isa = PBXBuildFile; fileRef = D67896EE23074E860059BA75 /* ViewController.swift */; };
		D67896F423074E880059BA75 /* Assets.xcassets in Resources */ = {isa = PBXBuildFile; fileRef = D67896F323074E880059BA75 /* Assets.xcassets */; };
		D67896F723074E880059BA75 /* LaunchScreen.storyboard in Resources */ = {isa = PBXBuildFile; fileRef = D67896F523074E880059BA75 /* LaunchScreen.storyboard */; };
		F150D24E23F2079D0039A49D /* UIView+Anchors.swift in Sources */ = {isa = PBXBuildFile; fileRef = F150D24D23F2079D0039A49D /* UIView+Anchors.swift */; };
		F150D25023F207A70039A49D /* UIViewController+Children.swift in Sources */ = {isa = PBXBuildFile; fileRef = F150D24F23F207A70039A49D /* UIViewController+Children.swift */; };
		F150D25323F209BC0039A49D /* ProgrammaticLayoutView.swift in Sources */ = {isa = PBXBuildFile; fileRef = F150D25223F209BC0039A49D /* ProgrammaticLayoutView.swift */; };
		F150D25623F20A600039A49D /* MasterViewController.swift in Sources */ = {isa = PBXBuildFile; fileRef = F150D25523F20A600039A49D /* MasterViewController.swift */; };
		F150D25823F20A9E0039A49D /* MasterView.swift in Sources */ = {isa = PBXBuildFile; fileRef = F150D25723F20A9E0039A49D /* MasterView.swift */; };
		F150D25C23F20F430039A49D /* ExpandingInputViewController.swift in Sources */ = {isa = PBXBuildFile; fileRef = F150D25B23F20F430039A49D /* ExpandingInputViewController.swift */; };
		F150D25E23F20F690039A49D /* ExpandingInputView.swift in Sources */ = {isa = PBXBuildFile; fileRef = F150D25D23F20F690039A49D /* ExpandingInputView.swift */; };
		F150D26123F2102B0039A49D /* GiphyCollectionViewController.swift in Sources */ = {isa = PBXBuildFile; fileRef = F150D26023F2102B0039A49D /* GiphyCollectionViewController.swift */; };
		F150D26323F210580039A49D /* GiphyCollectionView.swift in Sources */ = {isa = PBXBuildFile; fileRef = F150D26223F210580039A49D /* GiphyCollectionView.swift */; };
		F1CE8F0823F2203F005C0E7F /* GiphyCollectionViewCell.swift in Sources */ = {isa = PBXBuildFile; fileRef = F1CE8F0723F2203F005C0E7F /* GiphyCollectionViewCell.swift */; };
		F1CE8F0A23F220B3005C0E7F /* UICollectionViewCell+.swift in Sources */ = {isa = PBXBuildFile; fileRef = F1CE8F0923F220B3005C0E7F /* UICollectionViewCell+.swift */; };
		F1E23CF323F1FD7300C6E4DF /* GiphyDataProvider.swift in Sources */ = {isa = PBXBuildFile; fileRef = F1E23CF223F1FD7300C6E4DF /* GiphyDataProvider.swift */; };
		F1E23CF723F1FD9100C6E4DF /* HomeViewController.swift in Sources */ = {isa = PBXBuildFile; fileRef = F1E23CF623F1FD9100C6E4DF /* HomeViewController.swift */; };
		F1E23CF923F1FD9D00C6E4DF /* HomeView.swift in Sources */ = {isa = PBXBuildFile; fileRef = F1E23CF823F1FD9D00C6E4DF /* HomeView.swift */; };
		F1E23CFE23F1FDF200C6E4DF /* DetailViewController.swift in Sources */ = {isa = PBXBuildFile; fileRef = F1E23CFD23F1FDF200C6E4DF /* DetailViewController.swift */; };
		F1E23D0023F1FDFC00C6E4DF /* DetailView.swift in Sources */ = {isa = PBXBuildFile; fileRef = F1E23CFF23F1FDFC00C6E4DF /* DetailView.swift */; };
		F1E23D0323F1FE1A00C6E4DF /* GiphyNetworkService.swift in Sources */ = {isa = PBXBuildFile; fileRef = F1E23D0223F1FE1A00C6E4DF /* GiphyNetworkService.swift */; };
		F1E23D0723F2003000C6E4DF /* Giph.swift in Sources */ = {isa = PBXBuildFile; fileRef = F1E23D0623F2003000C6E4DF /* Giph.swift */; };
		F1E23D0E23F204A300C6E4DF /* GiphySearchResult.swift in Sources */ = {isa = PBXBuildFile; fileRef = F1E23D0D23F204A300C6E4DF /* GiphySearchResult.swift */; };
/* End PBXBuildFile section */

/* Begin PBXFileReference section */
		011BDBC00D8D69F3C3822F98 /* Pods-MyGiphy.debug.xcconfig */ = {isa = PBXFileReference; includeInIndex = 1; lastKnownFileType = text.xcconfig; name = "Pods-MyGiphy.debug.xcconfig"; path = "Target Support Files/Pods-MyGiphy/Pods-MyGiphy.debug.xcconfig"; sourceTree = "<group>"; };
		223F699D04858B6934E04E6B /* Pods_MyGiphy.framework */ = {isa = PBXFileReference; explicitFileType = wrapper.framework; includeInIndex = 0; path = Pods_MyGiphy.framework; sourceTree = BUILT_PRODUCTS_DIR; };
		B054CEAB1BB46407160EE9D4 /* Pods-MyGiphy.release.xcconfig */ = {isa = PBXFileReference; includeInIndex = 1; lastKnownFileType = text.xcconfig; name = "Pods-MyGiphy.release.xcconfig"; path = "Target Support Files/Pods-MyGiphy/Pods-MyGiphy.release.xcconfig"; sourceTree = "<group>"; };
		D67896E923074E860059BA75 /* MyGiphy.app */ = {isa = PBXFileReference; explicitFileType = wrapper.application; includeInIndex = 0; path = MyGiphy.app; sourceTree = BUILT_PRODUCTS_DIR; };
		D67896EC23074E860059BA75 /* AppDelegate.swift */ = {isa = PBXFileReference; lastKnownFileType = sourcecode.swift; path = AppDelegate.swift; sourceTree = "<group>"; };
		D67896EE23074E860059BA75 /* ViewController.swift */ = {isa = PBXFileReference; lastKnownFileType = sourcecode.swift; path = ViewController.swift; sourceTree = "<group>"; };
		D67896F323074E880059BA75 /* Assets.xcassets */ = {isa = PBXFileReference; lastKnownFileType = folder.assetcatalog; path = Assets.xcassets; sourceTree = "<group>"; };
		D67896F623074E880059BA75 /* Base */ = {isa = PBXFileReference; lastKnownFileType = file.storyboard; name = Base; path = Base.lproj/LaunchScreen.storyboard; sourceTree = "<group>"; };
		D67896F823074E880059BA75 /* Info.plist */ = {isa = PBXFileReference; lastKnownFileType = text.plist.xml; path = Info.plist; sourceTree = "<group>"; };
		F150D24D23F2079D0039A49D /* UIView+Anchors.swift */ = {isa = PBXFileReference; lastKnownFileType = sourcecode.swift; path = "UIView+Anchors.swift"; sourceTree = "<group>"; };
		F150D24F23F207A70039A49D /* UIViewController+Children.swift */ = {isa = PBXFileReference; lastKnownFileType = sourcecode.swift; path = "UIViewController+Children.swift"; sourceTree = "<group>"; };
		F150D25223F209BC0039A49D /* ProgrammaticLayoutView.swift */ = {isa = PBXFileReference; lastKnownFileType = sourcecode.swift; path = ProgrammaticLayoutView.swift; sourceTree = "<group>"; };
		F150D25523F20A600039A49D /* MasterViewController.swift */ = {isa = PBXFileReference; lastKnownFileType = sourcecode.swift; path = MasterViewController.swift; sourceTree = "<group>"; };
		F150D25723F20A9E0039A49D /* MasterView.swift */ = {isa = PBXFileReference; lastKnownFileType = sourcecode.swift; path = MasterView.swift; sourceTree = "<group>"; };
		F150D25B23F20F430039A49D /* ExpandingInputViewController.swift */ = {isa = PBXFileReference; lastKnownFileType = sourcecode.swift; path = ExpandingInputViewController.swift; sourceTree = "<group>"; };
		F150D25D23F20F690039A49D /* ExpandingInputView.swift */ = {isa = PBXFileReference; lastKnownFileType = sourcecode.swift; path = ExpandingInputView.swift; sourceTree = "<group>"; };
		F150D26023F2102B0039A49D /* GiphyCollectionViewController.swift */ = {isa = PBXFileReference; lastKnownFileType = sourcecode.swift; path = GiphyCollectionViewController.swift; sourceTree = "<group>"; };
		F150D26223F210580039A49D /* GiphyCollectionView.swift */ = {isa = PBXFileReference; lastKnownFileType = sourcecode.swift; path = GiphyCollectionView.swift; sourceTree = "<group>"; };
		F1CE8F0723F2203F005C0E7F /* GiphyCollectionViewCell.swift */ = {isa = PBXFileReference; lastKnownFileType = sourcecode.swift; path = GiphyCollectionViewCell.swift; sourceTree = "<group>"; };
		F1CE8F0923F220B3005C0E7F /* UICollectionViewCell+.swift */ = {isa = PBXFileReference; lastKnownFileType = sourcecode.swift; path = "UICollectionViewCell+.swift"; sourceTree = "<group>"; };
		F1E23CF223F1FD7300C6E4DF /* GiphyDataProvider.swift */ = {isa = PBXFileReference; lastKnownFileType = sourcecode.swift; path = GiphyDataProvider.swift; sourceTree = "<group>"; };
		F1E23CF623F1FD9100C6E4DF /* HomeViewController.swift */ = {isa = PBXFileReference; lastKnownFileType = sourcecode.swift; path = HomeViewController.swift; sourceTree = "<group>"; };
		F1E23CF823F1FD9D00C6E4DF /* HomeView.swift */ = {isa = PBXFileReference; lastKnownFileType = sourcecode.swift; path = HomeView.swift; sourceTree = "<group>"; };
		F1E23CFD23F1FDF200C6E4DF /* DetailViewController.swift */ = {isa = PBXFileReference; lastKnownFileType = sourcecode.swift; path = DetailViewController.swift; sourceTree = "<group>"; };
		F1E23CFF23F1FDFC00C6E4DF /* DetailView.swift */ = {isa = PBXFileReference; lastKnownFileType = sourcecode.swift; path = DetailView.swift; sourceTree = "<group>"; };
		F1E23D0223F1FE1A00C6E4DF /* GiphyNetworkService.swift */ = {isa = PBXFileReference; lastKnownFileType = sourcecode.swift; path = GiphyNetworkService.swift; sourceTree = "<group>"; };
		F1E23D0623F2003000C6E4DF /* Giph.swift */ = {isa = PBXFileReference; lastKnownFileType = sourcecode.swift; path = Giph.swift; sourceTree = "<group>"; };
		F1E23D0D23F204A300C6E4DF /* GiphySearchResult.swift */ = {isa = PBXFileReference; lastKnownFileType = sourcecode.swift; path = GiphySearchResult.swift; sourceTree = "<group>"; };
/* End PBXFileReference section */

/* Begin PBXFrameworksBuildPhase section */
		D67896E623074E860059BA75 /* Frameworks */ = {
			isa = PBXFrameworksBuildPhase;
			buildActionMask = 2147483647;
			files = (
				D0D44AA4B43484F881DB8DFA /* Pods_MyGiphy.framework in Frameworks */,
			);
			runOnlyForDeploymentPostprocessing = 0;
		};
/* End PBXFrameworksBuildPhase section */

/* Begin PBXGroup section */
		D67896E023074E860059BA75 = {
			isa = PBXGroup;
			children = (
				D67896EB23074E860059BA75 /* MyGiphy */,
				D67896EA23074E860059BA75 /* Products */,
				E9A546E2C6EC6FC34445E02D /* Pods */,
				D6920A3D919A62247D4438DB /* Frameworks */,
			);
			sourceTree = "<group>";
		};
		D67896EA23074E860059BA75 /* Products */ = {
			isa = PBXGroup;
			children = (
				D67896E923074E860059BA75 /* MyGiphy.app */,
			);
			name = Products;
			sourceTree = "<group>";
		};
		D67896EB23074E860059BA75 /* MyGiphy */ = {
			isa = PBXGroup;
			children = (
				F1E23D0423F1FE3300C6E4DF /* App */,
				F1E23CEF23F1FD5200C6E4DF /* UI */,
				F1E23CEE23F1FD4D00C6E4DF /* Business */,
				F1E23CED23F1FD4600C6E4DF /* Data */,
				F150D24C23F2078F0039A49D /* Extensions */,
			);
			path = MyGiphy;
			sourceTree = "<group>";
		};
		D6920A3D919A62247D4438DB /* Frameworks */ = {
			isa = PBXGroup;
			children = (
				223F699D04858B6934E04E6B /* Pods_MyGiphy.framework */,
			);
			name = Frameworks;
			sourceTree = "<group>";
		};
		E9A546E2C6EC6FC34445E02D /* Pods */ = {
			isa = PBXGroup;
			children = (
				011BDBC00D8D69F3C3822F98 /* Pods-MyGiphy.debug.xcconfig */,
				B054CEAB1BB46407160EE9D4 /* Pods-MyGiphy.release.xcconfig */,
			);
			name = Pods;
			path = Pods;
			sourceTree = "<group>";
		};
		F150D24C23F2078F0039A49D /* Extensions */ = {
			isa = PBXGroup;
			children = (
				F150D24D23F2079D0039A49D /* UIView+Anchors.swift */,
				F150D24F23F207A70039A49D /* UIViewController+Children.swift */,
				F1CE8F0923F220B3005C0E7F /* UICollectionViewCell+.swift */,
			);
			path = Extensions;
			sourceTree = "<group>";
		};
		F150D25123F209A10039A49D /* Protocols */ = {
			isa = PBXGroup;
			children = (
				F150D25223F209BC0039A49D /* ProgrammaticLayoutView.swift */,
			);
			path = Protocols;
			sourceTree = "<group>";
		};
		F150D25423F20A520039A49D /* Master */ = {
			isa = PBXGroup;
			children = (
				F150D25523F20A600039A49D /* MasterViewController.swift */,
				F150D25723F20A9E0039A49D /* MasterView.swift */,
			);
			path = Master;
			sourceTree = "<group>";
		};
		F150D25A23F20F300039A49D /* ExpandingInput */ = {
			isa = PBXGroup;
			children = (
				F150D25B23F20F430039A49D /* ExpandingInputViewController.swift */,
				F150D25D23F20F690039A49D /* ExpandingInputView.swift */,
			);
			path = ExpandingInput;
			sourceTree = "<group>";
		};
		F150D25F23F210110039A49D /* GiphyCollection */ = {
			isa = PBXGroup;
			children = (
				F150D26023F2102B0039A49D /* GiphyCollectionViewController.swift */,
				F150D26223F210580039A49D /* GiphyCollectionView.swift */,
				F1CE8F0723F2203F005C0E7F /* GiphyCollectionViewCell.swift */,
			);
			path = GiphyCollection;
			sourceTree = "<group>";
		};
		F1E23CED23F1FD4600C6E4DF /* Data */ = {
			isa = PBXGroup;
			children = (
				F1E23D0523F2002400C6E4DF /* Model */,
				F1E23CF123F1FD6000C6E4DF /* Network */,
			);
			path = Data;
			sourceTree = "<group>";
		};
		F1E23CEE23F1FD4D00C6E4DF /* Business */ = {
			isa = PBXGroup;
			children = (
				F1E23CF223F1FD7300C6E4DF /* GiphyDataProvider.swift */,
			);
			path = Business;
			sourceTree = "<group>";
		};
		F1E23CEF23F1FD5200C6E4DF /* UI */ = {
			isa = PBXGroup;
			children = (
				F150D25423F20A520039A49D /* Master */,
				F1E23CF423F1FD7E00C6E4DF /* Home */,
				F1E23CF523F1FD8300C6E4DF /* Detail */,
				F1E23CFB23F1FDCE00C6E4DF /* Shared */,
			);
			path = UI;
			sourceTree = "<group>";
		};
		F1E23CF123F1FD6000C6E4DF /* Network */ = {
			isa = PBXGroup;
			children = (
				F1E23D0223F1FE1A00C6E4DF /* GiphyNetworkService.swift */,
				F1E23D0C23F2049400C6E4DF /* NetworkResponseTypes */,
			);
			path = Network;
			sourceTree = "<group>";
		};
		F1E23CF423F1FD7E00C6E4DF /* Home */ = {
			isa = PBXGroup;
			children = (
				F1E23CF623F1FD9100C6E4DF /* HomeViewController.swift */,
				F1E23CF823F1FD9D00C6E4DF /* HomeView.swift */,
				F1E23CFA23F1FDA500C6E4DF /* Children */,
			);
			path = Home;
			sourceTree = "<group>";
		};
		F1E23CF523F1FD8300C6E4DF /* Detail */ = {
			isa = PBXGroup;
			children = (
				F1E23CFD23F1FDF200C6E4DF /* DetailViewController.swift */,
				F1E23CFF23F1FDFC00C6E4DF /* DetailView.swift */,
				F1E23D0123F1FE0100C6E4DF /* Children */,
			);
			path = Detail;
			sourceTree = "<group>";
		};
		F1E23CFA23F1FDA500C6E4DF /* Children */ = {
			isa = PBXGroup;
			children = (
				F150D25F23F210110039A49D /* GiphyCollection */,
			);
			path = Children;
			sourceTree = "<group>";
		};
		F1E23CFB23F1FDCE00C6E4DF /* Shared */ = {
			isa = PBXGroup;
			children = (
				F150D25A23F20F300039A49D /* ExpandingInput */,
				F150D25123F209A10039A49D /* Protocols */,
			);
			path = Shared;
			sourceTree = "<group>";
		};
		F1E23D0123F1FE0100C6E4DF /* Children */ = {
			isa = PBXGroup;
			children = (
			);
			path = Children;
			sourceTree = "<group>";
		};
		F1E23D0423F1FE3300C6E4DF /* App */ = {
			isa = PBXGroup;
			children = (
				D67896EC23074E860059BA75 /* AppDelegate.swift */,
				D67896EE23074E860059BA75 /* ViewController.swift */,
				D67896F323074E880059BA75 /* Assets.xcassets */,
				D67896F523074E880059BA75 /* LaunchScreen.storyboard */,
				D67896F823074E880059BA75 /* Info.plist */,
			);
			path = App;
			sourceTree = "<group>";
		};
		F1E23D0523F2002400C6E4DF /* Model */ = {
			isa = PBXGroup;
			children = (
				F1E23D0623F2003000C6E4DF /* Giph.swift */,
			);
			path = Model;
			sourceTree = "<group>";
		};
		F1E23D0C23F2049400C6E4DF /* NetworkResponseTypes */ = {
			isa = PBXGroup;
			children = (
				F1E23D0D23F204A300C6E4DF /* GiphySearchResult.swift */,
			);
			path = NetworkResponseTypes;
			sourceTree = "<group>";
		};
/* End PBXGroup section */

/* Begin PBXNativeTarget section */
		D67896E823074E860059BA75 /* MyGiphy */ = {
			isa = PBXNativeTarget;
			buildConfigurationList = D67896FB23074E880059BA75 /* Build configuration list for PBXNativeTarget "MyGiphy" */;
			buildPhases = (
				A9830767BB4A531AB85E5D72 /* [CP] Check Pods Manifest.lock */,
				D67896E523074E860059BA75 /* Sources */,
				D67896E623074E860059BA75 /* Frameworks */,
				D67896E723074E860059BA75 /* Resources */,
				27D04FEB3B6F062B52AD40DD /* [CP] Embed Pods Frameworks */,
			);
			buildRules = (
			);
			dependencies = (
			);
			name = MyGiphy;
			productName = MyGiphy;
			productReference = D67896E923074E860059BA75 /* MyGiphy.app */;
			productType = "com.apple.product-type.application";
		};
/* End PBXNativeTarget section */

/* Begin PBXProject section */
		D67896E123074E860059BA75 /* Project object */ = {
			isa = PBXProject;
			attributes = {
				LastSwiftUpdateCheck = 1030;
				LastUpgradeCheck = 1030;
				ORGANIZATIONNAME = "Tomorrow Ideas";
				TargetAttributes = {
					D67896E823074E860059BA75 = {
						CreatedOnToolsVersion = 10.3;
					};
				};
			};
			buildConfigurationList = D67896E423074E860059BA75 /* Build configuration list for PBXProject "MyGiphy" */;
			compatibilityVersion = "Xcode 9.3";
			developmentRegion = en;
			hasScannedForEncodings = 0;
			knownRegions = (
				en,
				Base,
			);
			mainGroup = D67896E023074E860059BA75;
			productRefGroup = D67896EA23074E860059BA75 /* Products */;
			projectDirPath = "";
			projectRoot = "";
			targets = (
				D67896E823074E860059BA75 /* MyGiphy */,
			);
		};
/* End PBXProject section */

/* Begin PBXResourcesBuildPhase section */
		D67896E723074E860059BA75 /* Resources */ = {
			isa = PBXResourcesBuildPhase;
			buildActionMask = 2147483647;
			files = (
				D67896F723074E880059BA75 /* LaunchScreen.storyboard in Resources */,
				D67896F423074E880059BA75 /* Assets.xcassets in Resources */,
			);
			runOnlyForDeploymentPostprocessing = 0;
		};
/* End PBXResourcesBuildPhase section */

/* Begin PBXShellScriptBuildPhase section */
		27D04FEB3B6F062B52AD40DD /* [CP] Embed Pods Frameworks */ = {
			isa = PBXShellScriptBuildPhase;
			buildActionMask = 2147483647;
			files = (
			);
			inputFileListPaths = (
				"${PODS_ROOT}/Target Support Files/Pods-MyGiphy/Pods-MyGiphy-frameworks-${CONFIGURATION}-input-files.xcfilelist",
			);
			name = "[CP] Embed Pods Frameworks";
			outputFileListPaths = (
				"${PODS_ROOT}/Target Support Files/Pods-MyGiphy/Pods-MyGiphy-frameworks-${CONFIGURATION}-output-files.xcfilelist",
			);
			runOnlyForDeploymentPostprocessing = 0;
			shellPath = /bin/sh;
			shellScript = "\"${PODS_ROOT}/Target Support Files/Pods-MyGiphy/Pods-MyGiphy-frameworks.sh\"\n";
			showEnvVarsInLog = 0;
		};
		A9830767BB4A531AB85E5D72 /* [CP] Check Pods Manifest.lock */ = {
			isa = PBXShellScriptBuildPhase;
			buildActionMask = 2147483647;
			files = (
			);
			inputFileListPaths = (
			);
			inputPaths = (
				"${PODS_PODFILE_DIR_PATH}/Podfile.lock",
				"${PODS_ROOT}/Manifest.lock",
			);
			name = "[CP] Check Pods Manifest.lock";
			outputFileListPaths = (
			);
			outputPaths = (
				"$(DERIVED_FILE_DIR)/Pods-MyGiphy-checkManifestLockResult.txt",
			);
			runOnlyForDeploymentPostprocessing = 0;
			shellPath = /bin/sh;
			shellScript = "diff \"${PODS_PODFILE_DIR_PATH}/Podfile.lock\" \"${PODS_ROOT}/Manifest.lock\" > /dev/null\nif [ $? != 0 ] ; then\n    # print error to STDERR\n    echo \"error: The sandbox is not in sync with the Podfile.lock. Run 'pod install' or update your CocoaPods installation.\" >&2\n    exit 1\nfi\n# This output is used by Xcode 'outputs' to avoid re-running this script phase.\necho \"SUCCESS\" > \"${SCRIPT_OUTPUT_FILE_0}\"\n";
			showEnvVarsInLog = 0;
		};
/* End PBXShellScriptBuildPhase section */

/* Begin PBXSourcesBuildPhase section */
		D67896E523074E860059BA75 /* Sources */ = {
			isa = PBXSourcesBuildPhase;
			buildActionMask = 2147483647;
			files = (
				F150D25323F209BC0039A49D /* ProgrammaticLayoutView.swift in Sources */,
				F150D24E23F2079D0039A49D /* UIView+Anchors.swift in Sources */,
				F150D25C23F20F430039A49D /* ExpandingInputViewController.swift in Sources */,
				F1E23D0E23F204A300C6E4DF /* GiphySearchResult.swift in Sources */,
				F1CE8F0823F2203F005C0E7F /* GiphyCollectionViewCell.swift in Sources */,
				F150D26323F210580039A49D /* GiphyCollectionView.swift in Sources */,
				F150D25823F20A9E0039A49D /* MasterView.swift in Sources */,
				F150D26123F2102B0039A49D /* GiphyCollectionViewController.swift in Sources */,
				F1E23D0323F1FE1A00C6E4DF /* GiphyNetworkService.swift in Sources */,
				F150D25E23F20F690039A49D /* ExpandingInputView.swift in Sources */,
				D67896EF23074E860059BA75 /* ViewController.swift in Sources */,
				F1E23D0723F2003000C6E4DF /* Giph.swift in Sources */,
				F1E23CF323F1FD7300C6E4DF /* GiphyDataProvider.swift in Sources */,
				D67896ED23074E860059BA75 /* AppDelegate.swift in Sources */,
				F150D25023F207A70039A49D /* UIViewController+Children.swift in Sources */,
				F1CE8F0A23F220B3005C0E7F /* UICollectionViewCell+.swift in Sources */,
				F1E23D0023F1FDFC00C6E4DF /* DetailView.swift in Sources */,
				F1E23CFE23F1FDF200C6E4DF /* DetailViewController.swift in Sources */,
				F1E23CF923F1FD9D00C6E4DF /* HomeView.swift in Sources */,
				F150D25623F20A600039A49D /* MasterViewController.swift in Sources */,
				F1E23CF723F1FD9100C6E4DF /* HomeViewController.swift in Sources */,
			);
			runOnlyForDeploymentPostprocessing = 0;
		};
/* End PBXSourcesBuildPhase section */

/* Begin PBXVariantGroup section */
		D67896F523074E880059BA75 /* LaunchScreen.storyboard */ = {
			isa = PBXVariantGroup;
			children = (
				D67896F623074E880059BA75 /* Base */,
			);
			name = LaunchScreen.storyboard;
			sourceTree = "<group>";
		};
/* End PBXVariantGroup section */

/* Begin XCBuildConfiguration section */
		D67896F923074E880059BA75 /* Debug */ = {
			isa = XCBuildConfiguration;
			buildSettings = {
				ALWAYS_SEARCH_USER_PATHS = NO;
				CLANG_ANALYZER_NONNULL = YES;
				CLANG_ANALYZER_NUMBER_OBJECT_CONVERSION = YES_AGGRESSIVE;
				CLANG_CXX_LANGUAGE_STANDARD = "gnu++14";
				CLANG_CXX_LIBRARY = "libc++";
				CLANG_ENABLE_MODULES = YES;
				CLANG_ENABLE_OBJC_ARC = YES;
				CLANG_ENABLE_OBJC_WEAK = YES;
				CLANG_WARN_BLOCK_CAPTURE_AUTORELEASING = YES;
				CLANG_WARN_BOOL_CONVERSION = YES;
				CLANG_WARN_COMMA = YES;
				CLANG_WARN_CONSTANT_CONVERSION = YES;
				CLANG_WARN_DEPRECATED_OBJC_IMPLEMENTATIONS = YES;
				CLANG_WARN_DIRECT_OBJC_ISA_USAGE = YES_ERROR;
				CLANG_WARN_DOCUMENTATION_COMMENTS = YES;
				CLANG_WARN_EMPTY_BODY = YES;
				CLANG_WARN_ENUM_CONVERSION = YES;
				CLANG_WARN_INFINITE_RECURSION = YES;
				CLANG_WARN_INT_CONVERSION = YES;
				CLANG_WARN_NON_LITERAL_NULL_CONVERSION = YES;
				CLANG_WARN_OBJC_IMPLICIT_RETAIN_SELF = YES;
				CLANG_WARN_OBJC_LITERAL_CONVERSION = YES;
				CLANG_WARN_OBJC_ROOT_CLASS = YES_ERROR;
				CLANG_WARN_RANGE_LOOP_ANALYSIS = YES;
				CLANG_WARN_STRICT_PROTOTYPES = YES;
				CLANG_WARN_SUSPICIOUS_MOVE = YES;
				CLANG_WARN_UNGUARDED_AVAILABILITY = YES_AGGRESSIVE;
				CLANG_WARN_UNREACHABLE_CODE = YES;
				CLANG_WARN__DUPLICATE_METHOD_MATCH = YES;
				CODE_SIGN_IDENTITY = "iPhone Developer";
				COPY_PHASE_STRIP = NO;
				DEBUG_INFORMATION_FORMAT = dwarf;
				ENABLE_STRICT_OBJC_MSGSEND = YES;
				ENABLE_TESTABILITY = YES;
				GCC_C_LANGUAGE_STANDARD = gnu11;
				GCC_DYNAMIC_NO_PIC = NO;
				GCC_NO_COMMON_BLOCKS = YES;
				GCC_OPTIMIZATION_LEVEL = 0;
				GCC_PREPROCESSOR_DEFINITIONS = (
					"DEBUG=1",
					"$(inherited)",
				);
				GCC_WARN_64_TO_32_BIT_CONVERSION = YES;
				GCC_WARN_ABOUT_RETURN_TYPE = YES_ERROR;
				GCC_WARN_UNDECLARED_SELECTOR = YES;
				GCC_WARN_UNINITIALIZED_AUTOS = YES_AGGRESSIVE;
				GCC_WARN_UNUSED_FUNCTION = YES;
				GCC_WARN_UNUSED_VARIABLE = YES;
				IPHONEOS_DEPLOYMENT_TARGET = 12.4;
				MTL_ENABLE_DEBUG_INFO = INCLUDE_SOURCE;
				MTL_FAST_MATH = YES;
				ONLY_ACTIVE_ARCH = YES;
				SDKROOT = iphoneos;
				SWIFT_ACTIVE_COMPILATION_CONDITIONS = DEBUG;
				SWIFT_OPTIMIZATION_LEVEL = "-Onone";
			};
			name = Debug;
		};
		D67896FA23074E880059BA75 /* Release */ = {
			isa = XCBuildConfiguration;
			buildSettings = {
				ALWAYS_SEARCH_USER_PATHS = NO;
				CLANG_ANALYZER_NONNULL = YES;
				CLANG_ANALYZER_NUMBER_OBJECT_CONVERSION = YES_AGGRESSIVE;
				CLANG_CXX_LANGUAGE_STANDARD = "gnu++14";
				CLANG_CXX_LIBRARY = "libc++";
				CLANG_ENABLE_MODULES = YES;
				CLANG_ENABLE_OBJC_ARC = YES;
				CLANG_ENABLE_OBJC_WEAK = YES;
				CLANG_WARN_BLOCK_CAPTURE_AUTORELEASING = YES;
				CLANG_WARN_BOOL_CONVERSION = YES;
				CLANG_WARN_COMMA = YES;
				CLANG_WARN_CONSTANT_CONVERSION = YES;
				CLANG_WARN_DEPRECATED_OBJC_IMPLEMENTATIONS = YES;
				CLANG_WARN_DIRECT_OBJC_ISA_USAGE = YES_ERROR;
				CLANG_WARN_DOCUMENTATION_COMMENTS = YES;
				CLANG_WARN_EMPTY_BODY = YES;
				CLANG_WARN_ENUM_CONVERSION = YES;
				CLANG_WARN_INFINITE_RECURSION = YES;
				CLANG_WARN_INT_CONVERSION = YES;
				CLANG_WARN_NON_LITERAL_NULL_CONVERSION = YES;
				CLANG_WARN_OBJC_IMPLICIT_RETAIN_SELF = YES;
				CLANG_WARN_OBJC_LITERAL_CONVERSION = YES;
				CLANG_WARN_OBJC_ROOT_CLASS = YES_ERROR;
				CLANG_WARN_RANGE_LOOP_ANALYSIS = YES;
				CLANG_WARN_STRICT_PROTOTYPES = YES;
				CLANG_WARN_SUSPICIOUS_MOVE = YES;
				CLANG_WARN_UNGUARDED_AVAILABILITY = YES_AGGRESSIVE;
				CLANG_WARN_UNREACHABLE_CODE = YES;
				CLANG_WARN__DUPLICATE_METHOD_MATCH = YES;
				CODE_SIGN_IDENTITY = "iPhone Developer";
				COPY_PHASE_STRIP = NO;
				DEBUG_INFORMATION_FORMAT = "dwarf-with-dsym";
				ENABLE_NS_ASSERTIONS = NO;
				ENABLE_STRICT_OBJC_MSGSEND = YES;
				GCC_C_LANGUAGE_STANDARD = gnu11;
				GCC_NO_COMMON_BLOCKS = YES;
				GCC_WARN_64_TO_32_BIT_CONVERSION = YES;
				GCC_WARN_ABOUT_RETURN_TYPE = YES_ERROR;
				GCC_WARN_UNDECLARED_SELECTOR = YES;
				GCC_WARN_UNINITIALIZED_AUTOS = YES_AGGRESSIVE;
				GCC_WARN_UNUSED_FUNCTION = YES;
				GCC_WARN_UNUSED_VARIABLE = YES;
				IPHONEOS_DEPLOYMENT_TARGET = 12.4;
				MTL_ENABLE_DEBUG_INFO = NO;
				MTL_FAST_MATH = YES;
				SDKROOT = iphoneos;
				SWIFT_COMPILATION_MODE = wholemodule;
				SWIFT_OPTIMIZATION_LEVEL = "-O";
				VALIDATE_PRODUCT = YES;
			};
			name = Release;
		};
		D67896FC23074E880059BA75 /* Debug */ = {
			isa = XCBuildConfiguration;
			baseConfigurationReference = 011BDBC00D8D69F3C3822F98 /* Pods-MyGiphy.debug.xcconfig */;
			buildSettings = {
				ASSETCATALOG_COMPILER_APPICON_NAME = AppIcon;
				CODE_SIGN_STYLE = Automatic;
				DEVELOPMENT_TEAM = 7KLRW8RU62;
				INFOPLIST_FILE = MyGiphy/App/Info.plist;
				LD_RUNPATH_SEARCH_PATHS = (
					"$(inherited)",
					"@executable_path/Frameworks",
				);
				PRODUCT_BUNDLE_IDENTIFIER = com.tomorrowideas.MyGiphy;
				PRODUCT_NAME = "$(TARGET_NAME)";
				SWIFT_VERSION = 5.0;
				TARGETED_DEVICE_FAMILY = "1,2";
			};
			name = Debug;
		};
		D67896FD23074E880059BA75 /* Release */ = {
			isa = XCBuildConfiguration;
			baseConfigurationReference = B054CEAB1BB46407160EE9D4 /* Pods-MyGiphy.release.xcconfig */;
			buildSettings = {
				ASSETCATALOG_COMPILER_APPICON_NAME = AppIcon;
				CODE_SIGN_STYLE = Automatic;
				DEVELOPMENT_TEAM = 7KLRW8RU62;
				INFOPLIST_FILE = MyGiphy/App/Info.plist;
				LD_RUNPATH_SEARCH_PATHS = (
					"$(inherited)",
					"@executable_path/Frameworks",
				);
				PRODUCT_BUNDLE_IDENTIFIER = com.tomorrowideas.MyGiphy;
				PRODUCT_NAME = "$(TARGET_NAME)";
				SWIFT_VERSION = 5.0;
				TARGETED_DEVICE_FAMILY = "1,2";
			};
			name = Release;
		};
/* End XCBuildConfiguration section */

/* Begin XCConfigurationList section */
		D67896E423074E860059BA75 /* Build configuration list for PBXProject "MyGiphy" */ = {
			isa = XCConfigurationList;
			buildConfigurations = (
				D67896F923074E880059BA75 /* Debug */,
				D67896FA23074E880059BA75 /* Release */,
			);
			defaultConfigurationIsVisible = 0;
			defaultConfigurationName = Release;
		};
		D67896FB23074E880059BA75 /* Build configuration list for PBXNativeTarget "MyGiphy" */ = {
			isa = XCConfigurationList;
			buildConfigurations = (
				D67896FC23074E880059BA75 /* Debug */,
				D67896FD23074E880059BA75 /* Release */,
			);
			defaultConfigurationIsVisible = 0;
			defaultConfigurationName = Release;
		};
/* End XCConfigurationList section */
	};
	rootObject = D67896E123074E860059BA75 /* Project object */;
}
